// !$*UTF8*$!
{
	archiveVersion = 1;
	classes = {
	};
	objectVersion = 56;
	objects = {

/* Begin PBXBuildFile section */
		C34B723F2A632C3D00368700 /* QR_code_scanner_protoApp.swift in Sources */ = {isa = PBXBuildFile; fileRef = C34B723E2A632C3D00368700 /* QR_code_scanner_protoApp.swift */; };
		C34B72412A632C3D00368700 /* ContentView.swift in Sources */ = {isa = PBXBuildFile; fileRef = C34B72402A632C3D00368700 /* ContentView.swift */; };
		C34B72432A632C3F00368700 /* Assets.xcassets in Resources */ = {isa = PBXBuildFile; fileRef = C34B72422A632C3F00368700 /* Assets.xcassets */; };
		C34B72462A632C3F00368700 /* Preview Assets.xcassets in Resources */ = {isa = PBXBuildFile; fileRef = C34B72452A632C3F00368700 /* Preview Assets.xcassets */; };
		C34B724E2A632FAB00368700 /* CodeScanner in Frameworks */ = {isa = PBXBuildFile; productRef = C34B724D2A632FAB00368700 /* CodeScanner */; };
		C3A9474A2A683777009257F9 /* SelectCameraView.swift in Sources */ = {isa = PBXBuildFile; fileRef = C3A947492A683777009257F9 /* SelectCameraView.swift */; };
		C3A9474C2A683833009257F9 /* ScanView.swift in Sources */ = {isa = PBXBuildFile; fileRef = C3A9474B2A683833009257F9 /* ScanView.swift */; };
		C3F75C3A2A65F53500DB791D /* Boat.swift in Sources */ = {isa = PBXBuildFile; fileRef = C3F75C392A65F53500DB791D /* Boat.swift */; };
		C3F75C412A687FAF00DB791D /* ScanResultsView.swift in Sources */ = {isa = PBXBuildFile; fileRef = C3F75C402A687FAF00DB791D /* ScanResultsView.swift */; };
/* End PBXBuildFile section */

/* Begin PBXFileReference section */
		C34B723B2A632C3D00368700 /* QR-code-scanner-proto.app */ = {isa = PBXFileReference; explicitFileType = wrapper.application; includeInIndex = 0; path = "QR-code-scanner-proto.app"; sourceTree = BUILT_PRODUCTS_DIR; };
		C34B723E2A632C3D00368700 /* QR_code_scanner_protoApp.swift */ = {isa = PBXFileReference; lastKnownFileType = sourcecode.swift; path = QR_code_scanner_protoApp.swift; sourceTree = "<group>"; };
		C34B72402A632C3D00368700 /* ContentView.swift */ = {isa = PBXFileReference; lastKnownFileType = sourcecode.swift; path = ContentView.swift; sourceTree = "<group>"; };
		C34B72422A632C3F00368700 /* Assets.xcassets */ = {isa = PBXFileReference; lastKnownFileType = folder.assetcatalog; path = Assets.xcassets; sourceTree = "<group>"; };
		C34B72452A632C3F00368700 /* Preview Assets.xcassets */ = {isa = PBXFileReference; lastKnownFileType = folder.assetcatalog; path = "Preview Assets.xcassets"; sourceTree = "<group>"; };
		C36EDC892A63415500BBF7B7 /* QR-code-scanner-proto.entitlements */ = {isa = PBXFileReference; lastKnownFileType = text.plist.entitlements; path = "QR-code-scanner-proto.entitlements"; sourceTree = "<group>"; };
		C3A947492A683777009257F9 /* SelectCameraView.swift */ = {isa = PBXFileReference; lastKnownFileType = sourcecode.swift; path = SelectCameraView.swift; sourceTree = "<group>"; };
		C3A9474B2A683833009257F9 /* ScanView.swift */ = {isa = PBXFileReference; lastKnownFileType = sourcecode.swift; path = ScanView.swift; sourceTree = "<group>"; };
		C3F75C392A65F53500DB791D /* Boat.swift */ = {isa = PBXFileReference; lastKnownFileType = sourcecode.swift; path = Boat.swift; sourceTree = "<group>"; };
		C3F75C3E2A687CC800DB791D /* CodeScanner */ = {isa = PBXFileReference; lastKnownFileType = wrapper; name = CodeScanner; path = ../../../Downloads/CodeScanner; sourceTree = "<group>"; };
		C3F75C3F2A687CD100DB791D /* CodeScanner */ = {isa = PBXFileReference; lastKnownFileType = wrapper; path = CodeScanner; sourceTree = "<group>"; };
		C3F75C402A687FAF00DB791D /* ScanResultsView.swift */ = {isa = PBXFileReference; lastKnownFileType = sourcecode.swift; path = ScanResultsView.swift; sourceTree = "<group>"; };
/* End PBXFileReference section */

/* Begin PBXFrameworksBuildPhase section */
		C34B72382A632C3C00368700 /* Frameworks */ = {
			isa = PBXFrameworksBuildPhase;
			buildActionMask = 2147483647;
			files = (
				C34B724E2A632FAB00368700 /* CodeScanner in Frameworks */,
			);
			runOnlyForDeploymentPostprocessing = 0;
		};
/* End PBXFrameworksBuildPhase section */

/* Begin PBXGroup section */
		C34B72322A632C3C00368700 = {
			isa = PBXGroup;
			children = (
				C3F75C3F2A687CD100DB791D /* CodeScanner */,
				C34B723D2A632C3D00368700 /* QR-code-scanner-proto */,
				C34B723C2A632C3D00368700 /* Products */,
			);
			sourceTree = "<group>";
		};
		C34B723C2A632C3D00368700 /* Products */ = {
			isa = PBXGroup;
			children = (
				C34B723B2A632C3D00368700 /* QR-code-scanner-proto.app */,
			);
			name = Products;
			sourceTree = "<group>";
		};
		C34B723D2A632C3D00368700 /* QR-code-scanner-proto */ = {
			isa = PBXGroup;
			children = (
				C3F75C3E2A687CC800DB791D /* CodeScanner */,
				C36EDC892A63415500BBF7B7 /* QR-code-scanner-proto.entitlements */,
				C34B723E2A632C3D00368700 /* QR_code_scanner_protoApp.swift */,
				C34B72402A632C3D00368700 /* ContentView.swift */,
				C3A9474B2A683833009257F9 /* ScanView.swift */,
				C3F75C402A687FAF00DB791D /* ScanResultsView.swift */,
				C3A947492A683777009257F9 /* SelectCameraView.swift */,
				C3F75C392A65F53500DB791D /* Boat.swift */,
				C34B72422A632C3F00368700 /* Assets.xcassets */,
				C34B72442A632C3F00368700 /* Preview Content */,
			);
			path = "QR-code-scanner-proto";
			sourceTree = "<group>";
		};
		C34B72442A632C3F00368700 /* Preview Content */ = {
			isa = PBXGroup;
			children = (
				C34B72452A632C3F00368700 /* Preview Assets.xcassets */,
			);
			path = "Preview Content";
			sourceTree = "<group>";
		};
/* End PBXGroup section */

/* Begin PBXNativeTarget section */
		C34B723A2A632C3C00368700 /* QR-code-scanner-proto */ = {
			isa = PBXNativeTarget;
			buildConfigurationList = C34B72492A632C3F00368700 /* Build configuration list for PBXNativeTarget "QR-code-scanner-proto" */;
			buildPhases = (
				C34B72372A632C3C00368700 /* Sources */,
				C34B72382A632C3C00368700 /* Frameworks */,
				C34B72392A632C3C00368700 /* Resources */,
			);
			buildRules = (
			);
			dependencies = (
			);
			name = "QR-code-scanner-proto";
			packageProductDependencies = (
				C34B724D2A632FAB00368700 /* CodeScanner */,
			);
			productName = "QR-code-scanner-proto";
			productReference = C34B723B2A632C3D00368700 /* QR-code-scanner-proto.app */;
			productType = "com.apple.product-type.application";
		};
/* End PBXNativeTarget section */

/* Begin PBXProject section */
		C34B72332A632C3C00368700 /* Project object */ = {
			isa = PBXProject;
			attributes = {
				BuildIndependentTargetsInParallel = 1;
				LastSwiftUpdateCheck = 1420;
				LastUpgradeCheck = 1420;
				TargetAttributes = {
					C34B723A2A632C3C00368700 = {
						CreatedOnToolsVersion = 14.2;
					};
				};
			};
			buildConfigurationList = C34B72362A632C3C00368700 /* Build configuration list for PBXProject "QR-code-scanner-proto" */;
			compatibilityVersion = "Xcode 14.0";
			developmentRegion = en;
			hasScannedForEncodings = 0;
			knownRegions = (
				en,
				Base,
			);
			mainGroup = C34B72322A632C3C00368700;
			packageReferences = (
				C34B724C2A632FAB00368700 /* XCRemoteSwiftPackageReference "CodeScanner" */,
			);
			productRefGroup = C34B723C2A632C3D00368700 /* Products */;
			projectDirPath = "";
			projectRoot = "";
			targets = (
				C34B723A2A632C3C00368700 /* QR-code-scanner-proto */,
			);
		};
/* End PBXProject section */

/* Begin PBXResourcesBuildPhase section */
		C34B72392A632C3C00368700 /* Resources */ = {
			isa = PBXResourcesBuildPhase;
			buildActionMask = 2147483647;
			files = (
				C34B72462A632C3F00368700 /* Preview Assets.xcassets in Resources */,
				C34B72432A632C3F00368700 /* Assets.xcassets in Resources */,
			);
			runOnlyForDeploymentPostprocessing = 0;
		};
/* End PBXResourcesBuildPhase section */

/* Begin PBXSourcesBuildPhase section */
		C34B72372A632C3C00368700 /* Sources */ = {
			isa = PBXSourcesBuildPhase;
			buildActionMask = 2147483647;
			files = (
				C3F75C3A2A65F53500DB791D /* Boat.swift in Sources */,
				C3A9474A2A683777009257F9 /* SelectCameraView.swift in Sources */,
				C3F75C412A687FAF00DB791D /* ScanResultsView.swift in Sources */,
				C3A9474C2A683833009257F9 /* ScanView.swift in Sources */,
				C34B72412A632C3D00368700 /* ContentView.swift in Sources */,
				C34B723F2A632C3D00368700 /* QR_code_scanner_protoApp.swift in Sources */,
			);
			runOnlyForDeploymentPostprocessing = 0;
		};
/* End PBXSourcesBuildPhase section */

/* Begin XCBuildConfiguration section */
		C34B72472A632C3F00368700 /* Debug */ = {
			isa = XCBuildConfiguration;
			buildSettings = {
				ALWAYS_SEARCH_USER_PATHS = NO;
				CLANG_ANALYZER_NONNULL = YES;
				CLANG_ANALYZER_NUMBER_OBJECT_CONVERSION = YES_AGGRESSIVE;
				CLANG_CXX_LANGUAGE_STANDARD = "gnu++20";
				CLANG_ENABLE_MODULES = YES;
				CLANG_ENABLE_OBJC_ARC = YES;
				CLANG_ENABLE_OBJC_WEAK = YES;
				CLANG_WARN_BLOCK_CAPTURE_AUTORELEASING = YES;
				CLANG_WARN_BOOL_CONVERSION = YES;
				CLANG_WARN_COMMA = YES;
				CLANG_WARN_CONSTANT_CONVERSION = YES;
				CLANG_WARN_DEPRECATED_OBJC_IMPLEMENTATIONS = YES;
				CLANG_WARN_DIRECT_OBJC_ISA_USAGE = YES_ERROR;
				CLANG_WARN_DOCUMENTATION_COMMENTS = YES;
				CLANG_WARN_EMPTY_BODY = YES;
				CLANG_WARN_ENUM_CONVERSION = YES;
				CLANG_WARN_INFINITE_RECURSION = YES;
				CLANG_WARN_INT_CONVERSION = YES;
				CLANG_WARN_NON_LITERAL_NULL_CONVERSION = YES;
				CLANG_WARN_OBJC_IMPLICIT_RETAIN_SELF = YES;
				CLANG_WARN_OBJC_LITERAL_CONVERSION = YES;
				CLANG_WARN_OBJC_ROOT_CLASS = YES_ERROR;
				CLANG_WARN_QUOTED_INCLUDE_IN_FRAMEWORK_HEADER = YES;
				CLANG_WARN_RANGE_LOOP_ANALYSIS = YES;
				CLANG_WARN_STRICT_PROTOTYPES = YES;
				CLANG_WARN_SUSPICIOUS_MOVE = YES;
				CLANG_WARN_UNGUARDED_AVAILABILITY = YES_AGGRESSIVE;
				CLANG_WARN_UNREACHABLE_CODE = YES;
				CLANG_WARN__DUPLICATE_METHOD_MATCH = YES;
				COPY_PHASE_STRIP = NO;
				DEBUG_INFORMATION_FORMAT = dwarf;
				ENABLE_STRICT_OBJC_MSGSEND = YES;
				ENABLE_TESTABILITY = YES;
				GCC_C_LANGUAGE_STANDARD = gnu11;
				GCC_DYNAMIC_NO_PIC = NO;
				GCC_NO_COMMON_BLOCKS = YES;
				GCC_OPTIMIZATION_LEVEL = 0;
				GCC_PREPROCESSOR_DEFINITIONS = (
					"DEBUG=1",
					"$(inherited)",
				);
				GCC_WARN_64_TO_32_BIT_CONVERSION = YES;
				GCC_WARN_ABOUT_RETURN_TYPE = YES_ERROR;
				GCC_WARN_UNDECLARED_SELECTOR = YES;
				GCC_WARN_UNINITIALIZED_AUTOS = YES_AGGRESSIVE;
				GCC_WARN_UNUSED_FUNCTION = YES;
				GCC_WARN_UNUSED_VARIABLE = YES;
				IPHONEOS_DEPLOYMENT_TARGET = 16.2;
				MTL_ENABLE_DEBUG_INFO = INCLUDE_SOURCE;
				MTL_FAST_MATH = YES;
				ONLY_ACTIVE_ARCH = YES;
				SDKROOT = iphoneos;
				SWIFT_ACTIVE_COMPILATION_CONDITIONS = DEBUG;
				SWIFT_OPTIMIZATION_LEVEL = "-Onone";
			};
			name = Debug;
		};
		C34B72482A632C3F00368700 /* Release */ = {
			isa = XCBuildConfiguration;
			buildSettings = {
				ALWAYS_SEARCH_USER_PATHS = NO;
				CLANG_ANALYZER_NONNULL = YES;
				CLANG_ANALYZER_NUMBER_OBJECT_CONVERSION = YES_AGGRESSIVE;
				CLANG_CXX_LANGUAGE_STANDARD = "gnu++20";
				CLANG_ENABLE_MODULES = YES;
				CLANG_ENABLE_OBJC_ARC = YES;
				CLANG_ENABLE_OBJC_WEAK = YES;
				CLANG_WARN_BLOCK_CAPTURE_AUTORELEASING = YES;
				CLANG_WARN_BOOL_CONVERSION = YES;
				CLANG_WARN_COMMA = YES;
				CLANG_WARN_CONSTANT_CONVERSION = YES;
				CLANG_WARN_DEPRECATED_OBJC_IMPLEMENTATIONS = YES;
				CLANG_WARN_DIRECT_OBJC_ISA_USAGE = YES_ERROR;
				CLANG_WARN_DOCUMENTATION_COMMENTS = YES;
				CLANG_WARN_EMPTY_BODY = YES;
				CLANG_WARN_ENUM_CONVERSION = YES;
				CLANG_WARN_INFINITE_RECURSION = YES;
				CLANG_WARN_INT_CONVERSION = YES;
				CLANG_WARN_NON_LITERAL_NULL_CONVERSION = YES;
				CLANG_WARN_OBJC_IMPLICIT_RETAIN_SELF = YES;
				CLANG_WARN_OBJC_LITERAL_CONVERSION = YES;
				CLANG_WARN_OBJC_ROOT_CLASS = YES_ERROR;
				CLANG_WARN_QUOTED_INCLUDE_IN_FRAMEWORK_HEADER = YES;
				CLANG_WARN_RANGE_LOOP_ANALYSIS = YES;
				CLANG_WARN_STRICT_PROTOTYPES = YES;
				CLANG_WARN_SUSPICIOUS_MOVE = YES;
				CLANG_WARN_UNGUARDED_AVAILABILITY = YES_AGGRESSIVE;
				CLANG_WARN_UNREACHABLE_CODE = YES;
				CLANG_WARN__DUPLICATE_METHOD_MATCH = YES;
				COPY_PHASE_STRIP = NO;
				DEBUG_INFORMATION_FORMAT = "dwarf-with-dsym";
				ENABLE_NS_ASSERTIONS = NO;
				ENABLE_STRICT_OBJC_MSGSEND = YES;
				GCC_C_LANGUAGE_STANDARD = gnu11;
				GCC_NO_COMMON_BLOCKS = YES;
				GCC_WARN_64_TO_32_BIT_CONVERSION = YES;
				GCC_WARN_ABOUT_RETURN_TYPE = YES_ERROR;
				GCC_WARN_UNDECLARED_SELECTOR = YES;
				GCC_WARN_UNINITIALIZED_AUTOS = YES_AGGRESSIVE;
				GCC_WARN_UNUSED_FUNCTION = YES;
				GCC_WARN_UNUSED_VARIABLE = YES;
				IPHONEOS_DEPLOYMENT_TARGET = 16.2;
				MTL_ENABLE_DEBUG_INFO = NO;
				MTL_FAST_MATH = YES;
				SDKROOT = iphoneos;
				SWIFT_COMPILATION_MODE = wholemodule;
				SWIFT_OPTIMIZATION_LEVEL = "-O";
				VALIDATE_PRODUCT = YES;
			};
			name = Release;
		};
		C34B724A2A632C3F00368700 /* Debug */ = {
			isa = XCBuildConfiguration;
			buildSettings = {
				ASSETCATALOG_COMPILER_APPICON_NAME = AppIcon;
				ASSETCATALOG_COMPILER_GLOBAL_ACCENT_COLOR_NAME = AccentColor;
				CODE_SIGN_ENTITLEMENTS = "QR-code-scanner-proto/QR-code-scanner-proto.entitlements";
				CODE_SIGN_STYLE = Automatic;
				CURRENT_PROJECT_VERSION = 1;
				DEVELOPMENT_ASSET_PATHS = "\"QR-code-scanner-proto/Preview Content\"";
				DEVELOPMENT_TEAM = 992C4WL289;
				ENABLE_PREVIEWS = YES;
				GENERATE_INFOPLIST_FILE = YES;
				INFOPLIST_KEY_NSCameraUsageDescription = "Scanning for boat numbers";
				INFOPLIST_KEY_UIApplicationSceneManifest_Generation = YES;
				INFOPLIST_KEY_UIApplicationSupportsIndirectInputEvents = YES;
				INFOPLIST_KEY_UILaunchScreen_Generation = YES;
				INFOPLIST_KEY_UISupportedInterfaceOrientations_iPad = "UIInterfaceOrientationPortrait UIInterfaceOrientationPortraitUpsideDown UIInterfaceOrientationLandscapeLeft UIInterfaceOrientationLandscapeRight";
				INFOPLIST_KEY_UISupportedInterfaceOrientations_iPhone = "UIInterfaceOrientationPortrait UIInterfaceOrientationLandscapeLeft UIInterfaceOrientationLandscapeRight";
				IPHONEOS_DEPLOYMENT_TARGET = 15.6;
				LD_RUNPATH_SEARCH_PATHS = (
					"$(inherited)",
					"@executable_path/Frameworks",
				);
				MARKETING_VERSION = 1.0;
				PRODUCT_BUNDLE_IDENTIFIER = "GoodSportSoftware.QR-code-scanner-proto";
				PRODUCT_NAME = "$(TARGET_NAME)";
				SUPPORTED_PLATFORMS = "iphoneos iphonesimulator";
				SUPPORTS_MACCATALYST = YES;
				SUPPORTS_MAC_DESIGNED_FOR_IPHONE_IPAD = NO;
				SWIFT_EMIT_LOC_STRINGS = YES;
				SWIFT_VERSION = 5.0;
				TARGETED_DEVICE_FAMILY = "2,6";
			};
			name = Debug;
		};
		C34B724B2A632C3F00368700 /* Release */ = {
			isa = XCBuildConfiguration;
			buildSettings = {
				ASSETCATALOG_COMPILER_APPICON_NAME = AppIcon;
				ASSETCATALOG_COMPILER_GLOBAL_ACCENT_COLOR_NAME = AccentColor;
				CODE_SIGN_ENTITLEMENTS = "QR-code-scanner-proto/QR-code-scanner-proto.entitlements";
				CODE_SIGN_STYLE = Automatic;
				CURRENT_PROJECT_VERSION = 1;
				DEVELOPMENT_ASSET_PATHS = "\"QR-code-scanner-proto/Preview Content\"";
				DEVELOPMENT_TEAM = 992C4WL289;
				ENABLE_PREVIEWS = YES;
				GENERATE_INFOPLIST_FILE = YES;
				INFOPLIST_KEY_NSCameraUsageDescription = "Scanning for boat numbers";
				INFOPLIST_KEY_UIApplicationSceneManifest_Generation = YES;
				INFOPLIST_KEY_UIApplicationSupportsIndirectInputEvents = YES;
				INFOPLIST_KEY_UILaunchScreen_Generation = YES;
				INFOPLIST_KEY_UISupportedInterfaceOrientations_iPad = "UIInterfaceOrientationPortrait UIInterfaceOrientationPortraitUpsideDown UIInterfaceOrientationLandscapeLeft UIInterfaceOrientationLandscapeRight";
				INFOPLIST_KEY_UISupportedInterfaceOrientations_iPhone = "UIInterfaceOrientationPortrait UIInterfaceOrientationLandscapeLeft UIInterfaceOrientationLandscapeRight";
				IPHONEOS_DEPLOYMENT_TARGET = 15.6;
				LD_RUNPATH_SEARCH_PATHS = (
					"$(inherited)",
					"@executable_path/Frameworks",
				);
				MARKETING_VERSION = 1.0;
				PRODUCT_BUNDLE_IDENTIFIER = "GoodSportSoftware.QR-code-scanner-proto";
				PRODUCT_NAME = "$(TARGET_NAME)";
				SUPPORTED_PLATFORMS = "iphoneos iphonesimulator";
				SUPPORTS_MACCATALYST = YES;
				SUPPORTS_MAC_DESIGNED_FOR_IPHONE_IPAD = NO;
				SWIFT_EMIT_LOC_STRINGS = YES;
				SWIFT_VERSION = 5.0;
				TARGETED_DEVICE_FAMILY = "2,6";
			};
			name = Release;
		};
/* End XCBuildConfiguration section */

/* Begin XCConfigurationList section */
		C34B72362A632C3C00368700 /* Build configuration list for PBXProject "QR-code-scanner-proto" */ = {
			isa = XCConfigurationList;
			buildConfigurations = (
				C34B72472A632C3F00368700 /* Debug */,
				C34B72482A632C3F00368700 /* Release */,
			);
			defaultConfigurationIsVisible = 0;
			defaultConfigurationName = Release;
		};
		C34B72492A632C3F00368700 /* Build configuration list for PBXNativeTarget "QR-code-scanner-proto" */ = {
			isa = XCConfigurationList;
			buildConfigurations = (
				C34B724A2A632C3F00368700 /* Debug */,
				C34B724B2A632C3F00368700 /* Release */,
			);
			defaultConfigurationIsVisible = 0;
			defaultConfigurationName = Release;
		};
/* End XCConfigurationList section */

/* Begin XCRemoteSwiftPackageReference section */
		C34B724C2A632FAB00368700 /* XCRemoteSwiftPackageReference "CodeScanner" */ = {
			isa = XCRemoteSwiftPackageReference;
			repositoryURL = "https://github.com/twostraws/CodeScanner";
			requirement = {
				kind = upToNextMajorVersion;
				minimumVersion = 2.0.0;
			};
		};
/* End XCRemoteSwiftPackageReference section */

/* Begin XCSwiftPackageProductDependency section */
		C34B724D2A632FAB00368700 /* CodeScanner */ = {
			isa = XCSwiftPackageProductDependency;
			package = C34B724C2A632FAB00368700 /* XCRemoteSwiftPackageReference "CodeScanner" */;
			productName = CodeScanner;
		};
/* End XCSwiftPackageProductDependency section */
	};
	rootObject = C34B72332A632C3C00368700 /* Project object */;
}
